
Microsoft Visual Studio Solution File, Format Version 12.00
# Visual Studio 2013
VisualStudioVersion = 12.0.31101.0
MinimumVisualStudioVersion = 10.0.40219.1
Project("{FAE04EC0-301F-11D3-BF4B-00C04F79EFBC}") = "OliveTask", "OliveTask\OliveTask.csproj", "{B867C169-B3E6-4B53-8D24-8C9618A223E4}"
EndProject
Global
	GlobalSection(SolutionConfigurationPlatforms) = preSolution
		Debug|Any CPU = Debug|Any CPU
		Release|Any CPU = Release|Any CPU
	EndGlobalSection
	GlobalSection(ProjectConfigurationPlatforms) = postSolution
		{B867C169-B3E6-4B53-8D24-8C9618A223E4}.Debug|Any CPU.ActiveCfg = Debug|Any CPU
		{B867C169-B3E6-4B53-8D24-8C9618A223E4}.Debug|Any CPU.Build.0 = Debug|Any CPU
		{B867C169-B3E6-4B53-8D24-8C9618A223E4}.Release|Any CPU.ActiveCfg = Release|Any CPU
		{B867C169-B3E6-4B53-8D24-8C9618A223E4}.Release|Any CPU.Build.0 = Release|Any CPU
	EndGlobalSection
	GlobalSection(SolutionProperties) = preSolution
		HideSolutionNode = FALSE
	EndGlobalSection
EndGlobal
